// !$*UTF8*$!
{
	archiveVersion = 1;
	classes = {
	};
	objectVersion = 50;
	objects = {

/* Begin PBXBuildFile section */
		23C0A3122071CF8500FEF18D /* AppDelegate.m in Sources */ = {isa = PBXBuildFile; fileRef = 23C0A3112071CF8500FEF18D /* AppDelegate.m */; };
		23C0A3152071CF8500FEF18D /* ViewController.m in Sources */ = {isa = PBXBuildFile; fileRef = 23C0A3142071CF8500FEF18D /* ViewController.m */; };
		23C0A3182071CF8500FEF18D /* Main.storyboard in Resources */ = {isa = PBXBuildFile; fileRef = 23C0A3162071CF8500FEF18D /* Main.storyboard */; };
		23C0A31A2071CF8700FEF18D /* Assets.xcassets in Resources */ = {isa = PBXBuildFile; fileRef = 23C0A3192071CF8700FEF18D /* Assets.xcassets */; };
		23C0A31D2071CF8700FEF18D /* LaunchScreen.storyboard in Resources */ = {isa = PBXBuildFile; fileRef = 23C0A31B2071CF8700FEF18D /* LaunchScreen.storyboard */; };
		23C0A3202071CF8700FEF18D /* main.m in Sources */ = {isa = PBXBuildFile; fileRef = 23C0A31F2071CF8700FEF18D /* main.m */; };
		23DE7C37207201C5003FAD89 /* ZGIrregularLabel.m in Sources */ = {isa = PBXBuildFile; fileRef = 23DE7C36207201C5003FAD89 /* ZGIrregularLabel.m */; };
		23EA18CB2071E1F6003DE913 /* ZGFrameWorkTest.framework in Frameworks */ = {isa = PBXBuildFile; fileRef = 23EA18CA2071E1F6003DE913 /* ZGFrameWorkTest.framework */; };
		A21F69D42DEDAA0C850E9EB5 /* libPods-ZGIrrgularLabel.a in Frameworks */ = {isa = PBXBuildFile; fileRef = C83D22A066773BD28E87F1FE /* libPods-ZGIrrgularLabel.a */; };
/* End PBXBuildFile section */

/* Begin PBXFileReference section */
		23C0A30D2071CF8500FEF18D /* ZGIrrgularLabel.app */ = {isa = PBXFileReference; explicitFileType = wrapper.application; includeInIndex = 0; path = ZGIrrgularLabel.app; sourceTree = BUILT_PRODUCTS_DIR; };
		23C0A3102071CF8500FEF18D /* AppDelegate.h */ = {isa = PBXFileReference; lastKnownFileType = sourcecode.c.h; path = AppDelegate.h; sourceTree = "<group>"; };
		23C0A3112071CF8500FEF18D /* AppDelegate.m */ = {isa = PBXFileReference; lastKnownFileType = sourcecode.c.objc; path = AppDelegate.m; sourceTree = "<group>"; };
		23C0A3132071CF8500FEF18D /* ViewController.h */ = {isa = PBXFileReference; lastKnownFileType = sourcecode.c.h; path = ViewController.h; sourceTree = "<group>"; };
		23C0A3142071CF8500FEF18D /* ViewController.m */ = {isa = PBXFileReference; lastKnownFileType = sourcecode.c.objc; path = ViewController.m; sourceTree = "<group>"; };
		23C0A3172071CF8500FEF18D /* Base */ = {isa = PBXFileReference; lastKnownFileType = file.storyboard; name = Base; path = Base.lproj/Main.storyboard; sourceTree = "<group>"; };
		23C0A3192071CF8700FEF18D /* Assets.xcassets */ = {isa = PBXFileReference; lastKnownFileType = folder.assetcatalog; path = Assets.xcassets; sourceTree = "<group>"; };
		23C0A31C2071CF8700FEF18D /* Base */ = {isa = PBXFileReference; lastKnownFileType = file.storyboard; name = Base; path = Base.lproj/LaunchScreen.storyboard; sourceTree = "<group>"; };
		23C0A31E2071CF8700FEF18D /* Info.plist */ = {isa = PBXFileReference; lastKnownFileType = text.plist.xml; path = Info.plist; sourceTree = "<group>"; };
		23C0A31F2071CF8700FEF18D /* main.m */ = {isa = PBXFileReference; lastKnownFileType = sourcecode.c.objc; path = main.m; sourceTree = "<group>"; };
		23DE7C35207201C5003FAD89 /* ZGIrregularLabel.h */ = {isa = PBXFileReference; lastKnownFileType = sourcecode.c.h; path = ZGIrregularLabel.h; sourceTree = "<group>"; };
		23DE7C36207201C5003FAD89 /* ZGIrregularLabel.m */ = {isa = PBXFileReference; lastKnownFileType = sourcecode.c.objc; path = ZGIrregularLabel.m; sourceTree = "<group>"; };
		23EA18CA2071E1F6003DE913 /* ZGFrameWorkTest.framework */ = {isa = PBXFileReference; lastKnownFileType = wrapper.framework; path = ZGFrameWorkTest.framework; sourceTree = "<group>"; };
		2921F9F7DB2754708048D635 /* Pods-ZGIrrgularLabel.debug.xcconfig */ = {isa = PBXFileReference; includeInIndex = 1; lastKnownFileType = text.xcconfig; name = "Pods-ZGIrrgularLabel.debug.xcconfig"; path = "Pods/Target Support Files/Pods-ZGIrrgularLabel/Pods-ZGIrrgularLabel.debug.xcconfig"; sourceTree = "<group>"; };
		8E635F79BDD143576E1A5AEA /* Pods-ZGIrrgularLabel.release.xcconfig */ = {isa = PBXFileReference; includeInIndex = 1; lastKnownFileType = text.xcconfig; name = "Pods-ZGIrrgularLabel.release.xcconfig"; path = "Pods/Target Support Files/Pods-ZGIrrgularLabel/Pods-ZGIrrgularLabel.release.xcconfig"; sourceTree = "<group>"; };
		C83D22A066773BD28E87F1FE /* libPods-ZGIrrgularLabel.a */ = {isa = PBXFileReference; explicitFileType = archive.ar; includeInIndex = 0; path = "libPods-ZGIrrgularLabel.a"; sourceTree = BUILT_PRODUCTS_DIR; };
/* End PBXFileReference section */

/* Begin PBXFrameworksBuildPhase section */
		23C0A30A2071CF8500FEF18D /* Frameworks */ = {
			isa = PBXFrameworksBuildPhase;
			buildActionMask = 2147483647;
			files = (
				23EA18CB2071E1F6003DE913 /* ZGFrameWorkTest.framework in Frameworks */,
				A21F69D42DEDAA0C850E9EB5 /* libPods-ZGIrrgularLabel.a in Frameworks */,
			);
			runOnlyForDeploymentPostprocessing = 0;
		};
/* End PBXFrameworksBuildPhase section */

/* Begin PBXGroup section */
		23C0A3042071CF8500FEF18D = {
			isa = PBXGroup;
			children = (
				23C0A30F2071CF8500FEF18D /* ZGIrrgularLabel */,
				23C0A30E2071CF8500FEF18D /* Products */,
				7B3D28221835B7E3255DA745 /* Pods */,
				828F165491867FF28BD1EB70 /* Frameworks */,
			);
			sourceTree = "<group>";
		};
		23C0A30E2071CF8500FEF18D /* Products */ = {
			isa = PBXGroup;
			children = (
				23C0A30D2071CF8500FEF18D /* ZGIrrgularLabel.app */,
			);
			name = Products;
			sourceTree = "<group>";
		};
		23C0A30F2071CF8500FEF18D /* ZGIrrgularLabel */ = {
			isa = PBXGroup;
			children = (
				23EA18CA2071E1F6003DE913 /* ZGFrameWorkTest.framework */,
				23C0A3102071CF8500FEF18D /* AppDelegate.h */,
				23C0A3112071CF8500FEF18D /* AppDelegate.m */,
				23C0A3132071CF8500FEF18D /* ViewController.h */,
				23C0A3142071CF8500FEF18D /* ViewController.m */,
				23DE7C35207201C5003FAD89 /* ZGIrregularLabel.h */,
				23DE7C36207201C5003FAD89 /* ZGIrregularLabel.m */,
				23C0A3162071CF8500FEF18D /* Main.storyboard */,
				23C0A3192071CF8700FEF18D /* Assets.xcassets */,
				23C0A31B2071CF8700FEF18D /* LaunchScreen.storyboard */,
				23C0A31E2071CF8700FEF18D /* Info.plist */,
				23C0A31F2071CF8700FEF18D /* main.m */,
			);
			path = ZGIrrgularLabel;
			sourceTree = "<group>";
		};
		7B3D28221835B7E3255DA745 /* Pods */ = {
			isa = PBXGroup;
			children = (
				2921F9F7DB2754708048D635 /* Pods-ZGIrrgularLabel.debug.xcconfig */,
				8E635F79BDD143576E1A5AEA /* Pods-ZGIrrgularLabel.release.xcconfig */,
			);
			name = Pods;
			sourceTree = "<group>";
		};
		828F165491867FF28BD1EB70 /* Frameworks */ = {
			isa = PBXGroup;
			children = (
				C83D22A066773BD28E87F1FE /* libPods-ZGIrrgularLabel.a */,
			);
			name = Frameworks;
			sourceTree = "<group>";
		};
/* End PBXGroup section */

/* Begin PBXNativeTarget section */
		23C0A30C2071CF8500FEF18D /* ZGIrrgularLabel */ = {
			isa = PBXNativeTarget;
			buildConfigurationList = 23C0A3232071CF8700FEF18D /* Build configuration list for PBXNativeTarget "ZGIrrgularLabel" */;
			buildPhases = (
				DE86D760DD16A5DD7DC4E422 /* [CP] Check Pods Manifest.lock */,
				23C0A3092071CF8500FEF18D /* Sources */,
				23C0A30A2071CF8500FEF18D /* Frameworks */,
				23C0A30B2071CF8500FEF18D /* Resources */,
				A24E5F3E2633E702C31837D0 /* [CP] Embed Pods Frameworks */,
				0E703AC85D040B1DAC266EF2 /* [CP] Copy Pods Resources */,
			);
			buildRules = (
			);
			dependencies = (
			);
			name = ZGIrrgularLabel;
			productName = ZGIrrgularLabel;
			productReference = 23C0A30D2071CF8500FEF18D /* ZGIrrgularLabel.app */;
			productType = "com.apple.product-type.application";
		};
/* End PBXNativeTarget section */

/* Begin PBXProject section */
		23C0A3052071CF8500FEF18D /* Project object */ = {
			isa = PBXProject;
			attributes = {
				CLASSPREFIX = ZG;
				LastUpgradeCheck = 0930;
				ORGANIZATIONNAME = cn;
				TargetAttributes = {
					23C0A30C2071CF8500FEF18D = {
						CreatedOnToolsVersion = 9.3;
					};
				};
			};
			buildConfigurationList = 23C0A3082071CF8500FEF18D /* Build configuration list for PBXProject "ZGIrrgularLabel" */;
			compatibilityVersion = "Xcode 9.3";
			developmentRegion = en;
			hasScannedForEncodings = 0;
			knownRegions = (
				en,
				Base,
			);
			mainGroup = 23C0A3042071CF8500FEF18D;
			productRefGroup = 23C0A30E2071CF8500FEF18D /* Products */;
			projectDirPath = "";
			projectRoot = "";
			targets = (
				23C0A30C2071CF8500FEF18D /* ZGIrrgularLabel */,
			);
		};
/* End PBXProject section */

/* Begin PBXResourcesBuildPhase section */
		23C0A30B2071CF8500FEF18D /* Resources */ = {
			isa = PBXResourcesBuildPhase;
			buildActionMask = 2147483647;
			files = (
				23C0A31D2071CF8700FEF18D /* LaunchScreen.storyboard in Resources */,
				23C0A31A2071CF8700FEF18D /* Assets.xcassets in Resources */,
				23C0A3182071CF8500FEF18D /* Main.storyboard in Resources */,
			);
			runOnlyForDeploymentPostprocessing = 0;
		};
/* End PBXResourcesBuildPhase section */

/* Begin PBXShellScriptBuildPhase section */
		0E703AC85D040B1DAC266EF2 /* [CP] Copy Pods Resources */ = {
			isa = PBXShellScriptBuildPhase;
			buildActionMask = 2147483647;
			files = (
			);
			inputPaths = (
			);
			name = "[CP] Copy Pods Resources";
			outputPaths = (
			);
			runOnlyForDeploymentPostprocessing = 0;
			shellPath = /bin/sh;
			shellScript = "\"${SRCROOT}/Pods/Target Support Files/Pods-ZGIrrgularLabel/Pods-ZGIrrgularLabel-resources.sh\"\n";
			showEnvVarsInLog = 0;
		};
		A24E5F3E2633E702C31837D0 /* [CP] Embed Pods Frameworks */ = {
			isa = PBXShellScriptBuildPhase;
			buildActionMask = 2147483647;
			files = (
			);
			inputPaths = (
			);
			name = "[CP] Embed Pods Frameworks";
			outputPaths = (
			);
			runOnlyForDeploymentPostprocessing = 0;
			shellPath = /bin/sh;
			shellScript = "\"${SRCROOT}/Pods/Target Support Files/Pods-ZGIrrgularLabel/Pods-ZGIrrgularLabel-frameworks.sh\"\n";
			showEnvVarsInLog = 0;
		};
		DE86D760DD16A5DD7DC4E422 /* [CP] Check Pods Manifest.lock */ = {
			isa = PBXShellScriptBuildPhase;
			buildActionMask = 2147483647;
			files = (
			);
			inputPaths = (
				"${PODS_PODFILE_DIR_PATH}/Podfile.lock",
				"${PODS_ROOT}/Manifest.lock",
			);
			name = "[CP] Check Pods Manifest.lock";
			outputPaths = (
				"$(DERIVED_FILE_DIR)/Pods-ZGIrrgularLabel-checkManifestLockResult.txt",
			);
			runOnlyForDeploymentPostprocessing = 0;
			shellPath = /bin/sh;
			shellScript = "diff \"${PODS_PODFILE_DIR_PATH}/Podfile.lock\" \"${PODS_ROOT}/Manifest.lock\" > /dev/null\nif [ $? != 0 ] ; then\n    # print error to STDERR\n    echo \"error: The sandbox is not in sync with the Podfile.lock. Run 'pod install' or update your CocoaPods installation.\" >&2\n    exit 1\nfi\n# This output is used by Xcode 'outputs' to avoid re-running this script phase.\necho \"SUCCESS\" > \"${SCRIPT_OUTPUT_FILE_0}\"\n";
			showEnvVarsInLog = 0;
		};
/* End PBXShellScriptBuildPhase section */

/* Begin PBXSourcesBuildPhase section */
		23C0A3092071CF8500FEF18D /* Sources */ = {
			isa = PBXSourcesBuildPhase;
			buildActionMask = 2147483647;
			files = (
				23C0A3152071CF8500FEF18D /* ViewController.m in Sources */,
				23C0A3202071CF8700FEF18D /* main.m in Sources */,
				23C0A3122071CF8500FEF18D /* AppDelegate.m in Sources */,
				23DE7C37207201C5003FAD89 /* ZGIrregularLabel.m in Sources */,
			);
			runOnlyForDeploymentPostprocessing = 0;
		};
/* End PBXSourcesBuildPhase section */

/* Begin PBXVariantGroup section */
		23C0A3162071CF8500FEF18D /* Main.storyboard */ = {
			isa = PBXVariantGroup;
			children = (
				23C0A3172071CF8500FEF18D /* Base */,
			);
			name = Main.storyboard;
			sourceTree = "<group>";
		};
		23C0A31B2071CF8700FEF18D /* LaunchScreen.storyboard */ = {
			isa = PBXVariantGroup;
			children = (
				23C0A31C2071CF8700FEF18D /* Base */,
			);
			name = LaunchScreen.storyboard;
			sourceTree = "<group>";
		};
/* End PBXVariantGroup section */

/* Begin XCBuildConfiguration section */
		23C0A3212071CF8700FEF18D /* Debug */ = {
			isa = XCBuildConfiguration;
			buildSettings = {
				ALWAYS_SEARCH_USER_PATHS = NO;
				CLANG_ANALYZER_NONNULL = YES;
				CLANG_ANALYZER_NUMBER_OBJECT_CONVERSION = YES_AGGRESSIVE;
				CLANG_CXX_LANGUAGE_STANDARD = "gnu++14";
				CLANG_CXX_LIBRARY = "libc++";
				CLANG_ENABLE_MODULES = YES;
				CLANG_ENABLE_OBJC_ARC = YES;
				CLANG_ENABLE_OBJC_WEAK = YES;
				CLANG_WARN_BLOCK_CAPTURE_AUTORELEASING = YES;
				CLANG_WARN_BOOL_CONVERSION = YES;
				CLANG_WARN_COMMA = YES;
				CLANG_WARN_CONSTANT_CONVERSION = YES;
				CLANG_WARN_DEPRECATED_OBJC_IMPLEMENTATIONS = YES;
				CLANG_WARN_DIRECT_OBJC_ISA_USAGE = YES_ERROR;
				CLANG_WARN_DOCUMENTATION_COMMENTS = YES;
				CLANG_WARN_EMPTY_BODY = YES;
				CLANG_WARN_ENUM_CONVERSION = YES;
				CLANG_WARN_INFINITE_RECURSION = YES;
				CLANG_WARN_INT_CONVERSION = YES;
				CLANG_WARN_NON_LITERAL_NULL_CONVERSION = YES;
				CLANG_WARN_OBJC_IMPLICIT_RETAIN_SELF = YES;
				CLANG_WARN_OBJC_LITERAL_CONVERSION = YES;
				CLANG_WARN_OBJC_ROOT_CLASS = YES_ERROR;
				CLANG_WARN_RANGE_LOOP_ANALYSIS = YES;
				CLANG_WARN_STRICT_PROTOTYPES = YES;
				CLANG_WARN_SUSPICIOUS_MOVE = YES;
				CLANG_WARN_UNGUARDED_AVAILABILITY = YES_AGGRESSIVE;
				CLANG_WARN_UNREACHABLE_CODE = YES;
				CLANG_WARN__DUPLICATE_METHOD_MATCH = YES;
				CODE_SIGN_IDENTITY = "iPhone Developer";
				COPY_PHASE_STRIP = NO;
				DEBUG_INFORMATION_FORMAT = dwarf;
				ENABLE_STRICT_OBJC_MSGSEND = YES;
				ENABLE_TESTABILITY = YES;
				GCC_C_LANGUAGE_STANDARD = gnu11;
				GCC_DYNAMIC_NO_PIC = NO;
				GCC_NO_COMMON_BLOCKS = YES;
				GCC_OPTIMIZATION_LEVEL = 0;
				GCC_PREPROCESSOR_DEFINITIONS = (
					"DEBUG=1",
					"$(inherited)",
				);
				GCC_WARN_64_TO_32_BIT_CONVERSION = YES;
				GCC_WARN_ABOUT_RETURN_TYPE = YES_ERROR;
				GCC_WARN_UNDECLARED_SELECTOR = YES;
				GCC_WARN_UNINITIALIZED_AUTOS = YES_AGGRESSIVE;
				GCC_WARN_UNUSED_FUNCTION = YES;
				GCC_WARN_UNUSED_VARIABLE = YES;
				IPHONEOS_DEPLOYMENT_TARGET = 11.3;
				MTL_ENABLE_DEBUG_INFO = YES;
				ONLY_ACTIVE_ARCH = YES;
				SDKROOT = iphoneos;
			};
			name = Debug;
		};
		23C0A3222071CF8700FEF18D /* Release */ = {
			isa = XCBuildConfiguration;
			buildSettings = {
				ALWAYS_SEARCH_USER_PATHS = NO;
				CLANG_ANALYZER_NONNULL = YES;
				CLANG_ANALYZER_NUMBER_OBJECT_CONVERSION = YES_AGGRESSIVE;
				CLANG_CXX_LANGUAGE_STANDARD = "gnu++14";
				CLANG_CXX_LIBRARY = "libc++";
				CLANG_ENABLE_MODULES = YES;
				CLANG_ENABLE_OBJC_ARC = YES;
				CLANG_ENABLE_OBJC_WEAK = YES;
				CLANG_WARN_BLOCK_CAPTURE_AUTORELEASING = YES;
				CLANG_WARN_BOOL_CONVERSION = YES;
				CLANG_WARN_COMMA = YES;
				CLANG_WARN_CONSTANT_CONVERSION = YES;
				CLANG_WARN_DEPRECATED_OBJC_IMPLEMENTATIONS = YES;
				CLANG_WARN_DIRECT_OBJC_ISA_USAGE = YES_ERROR;
				CLANG_WARN_DOCUMENTATION_COMMENTS = YES;
				CLANG_WARN_EMPTY_BODY = YES;
				CLANG_WARN_ENUM_CONVERSION = YES;
				CLANG_WARN_INFINITE_RECURSION = YES;
				CLANG_WARN_INT_CONVERSION = YES;
				CLANG_WARN_NON_LITERAL_NULL_CONVERSION = YES;
				CLANG_WARN_OBJC_IMPLICIT_RETAIN_SELF = YES;
				CLANG_WARN_OBJC_LITERAL_CONVERSION = YES;
				CLANG_WARN_OBJC_ROOT_CLASS = YES_ERROR;
				CLANG_WARN_RANGE_LOOP_ANALYSIS = YES;
				CLANG_WARN_STRICT_PROTOTYPES = YES;
				CLANG_WARN_SUSPICIOUS_MOVE = YES;
				CLANG_WARN_UNGUARDED_AVAILABILITY = YES_AGGRESSIVE;
				CLANG_WARN_UNREACHABLE_CODE = YES;
				CLANG_WARN__DUPLICATE_METHOD_MATCH = YES;
				CODE_SIGN_IDENTITY = "iPhone Developer";
				COPY_PHASE_STRIP = NO;
				DEBUG_INFORMATION_FORMAT = "dwarf-with-dsym";
				ENABLE_NS_ASSERTIONS = NO;
				ENABLE_STRICT_OBJC_MSGSEND = YES;
				GCC_C_LANGUAGE_STANDARD = gnu11;
				GCC_NO_COMMON_BLOCKS = YES;
				GCC_WARN_64_TO_32_BIT_CONVERSION = YES;
				GCC_WARN_ABOUT_RETURN_TYPE = YES_ERROR;
				GCC_WARN_UNDECLARED_SELECTOR = YES;
				GCC_WARN_UNINITIALIZED_AUTOS = YES_AGGRESSIVE;
				GCC_WARN_UNUSED_FUNCTION = YES;
				GCC_WARN_UNUSED_VARIABLE = YES;
				IPHONEOS_DEPLOYMENT_TARGET = 11.3;
				MTL_ENABLE_DEBUG_INFO = NO;
				SDKROOT = iphoneos;
				VALIDATE_PRODUCT = YES;
			};
			name = Release;
		};
		23C0A3242071CF8700FEF18D /* Debug */ = {
			isa = XCBuildConfiguration;
			baseConfigurationReference = 2921F9F7DB2754708048D635 /* Pods-ZGIrrgularLabel.debug.xcconfig */;
			buildSettings = {
				ASSETCATALOG_COMPILER_APPICON_NAME = AppIcon;
				CODE_SIGN_STYLE = Automatic;
				FRAMEWORK_SEARCH_PATHS = (
					"$(inherited)",
					"$(PROJECT_DIR)/ZGIrrgularLabel",
				);
				INFOPLIST_FILE = ZGIrrgularLabel/Info.plist;
				LD_RUNPATH_SEARCH_PATHS = (
					"$(inherited)",
					"@executable_path/Frameworks",
				);
				LIBRARY_SEARCH_PATHS = (
					"$(inherited)",
					"$(PROJECT_DIR)/ZGIrrgularLabel",
				);
				PRODUCT_BUNDLE_IDENTIFIER = offcn.ZGIrrgularLabel;
				PRODUCT_NAME = "$(TARGET_NAME)";
				TARGETED_DEVICE_FAMILY = "1,2";
			};
			name = Debug;
		};
		23C0A3252071CF8700FEF18D /* Release */ = {
			isa = XCBuildConfiguration;
			baseConfigurationReference = 8E635F79BDD143576E1A5AEA /* Pods-ZGIrrgularLabel.release.xcconfig */;
			buildSettings = {
				ASSETCATALOG_COMPILER_APPICON_NAME = AppIcon;
				CODE_SIGN_STYLE = Automatic;
				FRAMEWORK_SEARCH_PATHS = (
					"$(inherited)",
					"$(PROJECT_DIR)/ZGIrrgularLabel",
				);
				INFOPLIST_FILE = ZGIrrgularLabel/Info.plist;
				LD_RUNPATH_SEARCH_PATHS = (
					"$(inherited)",
					"@executable_path/Frameworks",
				);
				LIBRARY_SEARCH_PATHS = (
					"$(inherited)",
					"$(PROJECT_DIR)/ZGIrrgularLabel",
				);
				PRODUCT_BUNDLE_IDENTIFIER = offcn.ZGIrrgularLabel;
				PRODUCT_NAME = "$(TARGET_NAME)";
				TARGETED_DEVICE_FAMILY = "1,2";
			};
			name = Release;
		};
/* End XCBuildConfiguration section */

/* Begin XCConfigurationList section */
		23C0A3082071CF8500FEF18D /* Build configuration list for PBXProject "ZGIrrgularLabel" */ = {
			isa = XCConfigurationList;
			buildConfigurations = (
				23C0A3212071CF8700FEF18D /* Debug */,
				23C0A3222071CF8700FEF18D /* Release */,
			);
			defaultConfigurationIsVisible = 0;
			defaultConfigurationName = Release;
		};
		23C0A3232071CF8700FEF18D /* Build configuration list for PBXNativeTarget "ZGIrrgularLabel" */ = {
			isa = XCConfigurationList;
			buildConfigurations = (
				23C0A3242071CF8700FEF18D /* Debug */,
				23C0A3252071CF8700FEF18D /* Release */,
			);
			defaultConfigurationIsVisible = 0;
			defaultConfigurationName = Release;
		};
/* End XCConfigurationList section */
	};
	rootObject = 23C0A3052071CF8500FEF18D /* Project object */;
}
